# THIS IS AN AUTOGENERATED FILE. DO NOT EDIT THIS FILE DIRECTLY.
# yarn lockfile v1


"@faker-js/faker@^8.4.0":
  "integrity" "sha512-htW87352wzUCdX1jyUQocUcmAaFqcR/w082EC8iP/gtkF0K+aKcBp0hR5Arb7dzR8tQ1TrhE9DNa5EbJELm84w=="
  "resolved" "https://registry.npmjs.org/@faker-js/faker/-/faker-8.4.0.tgz"
  "version" "8.4.0"

"@playwright/test@^1.42.1":
  "integrity" "sha512-Gq9rmS54mjBL/7/MvBaNOBwbfnh7beHvS6oS4srqXFcQHpQCV1+c8JXWE8VLPyRDhgS3H8x8A7hztqI9VnwrAQ=="
  "resolved" "https://registry.npmjs.org/@playwright/test/-/test-1.42.1.tgz"
  "version" "1.42.1"
  dependencies:
    "playwright" "1.42.1"

"@types/node@^20.11.26":
  "integrity" "sha512-YwOMmyhNnAWijOBQweOJnQPl068Oqd4K3OFbTc6AHJwzweUwwWG3GIFY74OKks2PJUDkQPeddOQES9mLn1CTEQ=="
  "resolved" "https://registry.npmjs.org/@types/node/-/node-20.11.26.tgz"
  "version" "20.11.26"
  dependencies:
    "undici-types" "~5.26.4"

"dayjs@^1.11.10":
  "integrity" "sha512-vjAczensTgRcqDERK0SR2XMwsF/tSvnvlv6VcF2GIhg6Sx4yOIt/irsr1RDJsKiIyBzJDpCoXiWWq28MqH2cnQ=="
  "resolved" "https://registry.npmjs.org/dayjs/-/dayjs-1.11.10.tgz"
  "version" "1.11.10"

"faker@^6.6.6":
  "integrity" "sha512-9tCqYEDHI5RYFQigXFwF1hnCwcWCOJl/hmll0lr5D2Ljjb0o4wphb69wikeJDz5qCEzXCoPvG6ss5SDP6IfOdg=="
  "resolved" "https://registry.npmjs.org/faker/-/faker-6.6.6.tgz"
  "version" "6.6.6"

"playwright-core@1.42.1":
  "integrity" "sha512-mxz6zclokgrke9p1vtdy/COWBH+eOZgYUVVU34C73M+4j4HLlQJHtfcqiqqxpP0o8HhMkflvfbquLX5dg6wlfA=="
  "resolved" "https://registry.npmjs.org/playwright-core/-/playwright-core-1.42.1.tgz"
  "version" "1.42.1"

"playwright@1.42.1":
  "integrity" "sha512-PgwB03s2DZBcNRoW+1w9E+VkLBxweib6KTXM0M3tkiT4jVxKSi6PmVJ591J+0u10LUrgxB7dLRbiJqO5s2QPMg=="
  "resolved" "https://registry.npmjs.org/playwright/-/playwright-1.42.1.tgz"
  "version" "1.42.1"
  dependencies:
    "playwright-core" "1.42.1"
  optionalDependencies:
    "fsevents" "2.3.2"

"undici-types@~5.26.4":
  "integrity" "sha512-JlCMO+ehdEIKqlFxk6IfVoAUVmgz7cU7zD/h9XZ0qzeosSHmUJVOzSQvvYSYWXkFXC+IfLKSIffhv0sVZup6pA=="
  "resolved" "https://registry.npmjs.org/undici-types/-/undici-types-5.26.5.tgz"
  "version" "5.26.5"
